
Microsoft Visual Studio Solution File, Format Version 12.00
# Visual Studio 15
VisualStudioVersion = 15.0.28307.572
MinimumVisualStudioVersion = 10.0.40219.1
Project("{FAE04EC0-301F-11D3-BF4B-00C04F79EFBC}") = "Bank Teller Application", "Bank Teller Application\Bank Teller Application.csproj", "{0DEDED39-FCD1-40F7-A81A-509F458EB9CB}"
EndProject
Global
	GlobalSection(SolutionConfigurationPlatforms) = preSolution
		Debug|Any CPU = Debug|Any CPU
		Release|Any CPU = Release|Any CPU
	EndGlobalSection
	GlobalSection(ProjectConfigurationPlatforms) = postSolution
		{0DEDED39-FCD1-40F7-A81A-509F458EB9CB}.Debug|Any CPU.ActiveCfg = Debug|Any CPU
		{0DEDED39-FCD1-40F7-A81A-509F458EB9CB}.Debug|Any CPU.Build.0 = Debug|Any CPU
		{0DEDED39-FCD1-40F7-A81A-509F458EB9CB}.Release|Any CPU.ActiveCfg = Release|Any CPU
		{0DEDED39-FCD1-40F7-A81A-509F458EB9CB}.Release|Any CPU.Build.0 = Release|Any CPU
	EndGlobalSection
	GlobalSection(SolutionProperties) = preSolution
		HideSolutionNode = FALSE
	EndGlobalSection
	GlobalSection(ExtensibilityGlobals) = postSolution
		SolutionGuid = {D9101231-598E-4C16-82B4-437FAF5FAE3D}
	EndGlobalSection
EndGlobal
